# THIS IS AN AUTOGENERATED FILE. DO NOT EDIT THIS FILE DIRECTLY.
# yarn lockfile v1


"@algolia/cache-browser-local-storage@4.17.1":
  "integrity" "sha512-e91Jpu93X3t3mVdQwF3ZDjSFMFIfzSc+I76G4EX8nl9RYXgqcjframoL05VTjcD2YCsI18RIHAWVCBoCXVZnrw=="
  "resolved" "https://registry.npmjs.org/@algolia/cache-browser-local-storage/-/cache-browser-local-storage-4.17.1.tgz"
  "version" "4.17.1"
  dependencies:
    "@algolia/cache-common" "4.17.1"

"@algolia/cache-common@4.17.1":
  "integrity" "sha512-fvi1WT8aSiGAKrcTw8Qg3RYgcwW8GZMHcqEm4AyDBEy72JZlFBSY80cTQ75MslINjCHXLDT+9EN8AGI9WVY7uA=="
  "resolved" "https://registry.npmjs.org/@algolia/cache-common/-/cache-common-4.17.1.tgz"
  "version" "4.17.1"

"@algolia/cache-in-memory@4.17.1":
  "integrity" "sha512-NbBt6eBWlsXc5geSpfPRC5dkIB/0Ptthw8r0yM5Z7D3sPlYdnTZSO9y9XWXIptRMwmZe4cM8iBMN8y0tzbcBkA=="
  "resolved" "https://registry.npmjs.org/@algolia/cache-in-memory/-/cache-in-memory-4.17.1.tgz"
  "version" "4.17.1"
  dependencies:
    "@algolia/cache-common" "4.17.1"

"@algolia/client-account@4.17.1":
  "integrity" "sha512-3rL/6ofJvyL+q8TiWM3qoM9tig+SY4gB1Vbsj+UeJPnJm8Khm+7OS+r+mFraqR6pTehYqN8yGYoE7x4diEn4aA=="
  "resolved" "https://registry.npmjs.org/@algolia/client-account/-/client-account-4.17.1.tgz"
  "version" "4.17.1"
  dependencies:
    "@algolia/client-common" "4.17.1"
    "@algolia/client-search" "4.17.1"
    "@algolia/transporter" "4.17.1"

"@algolia/client-analytics@4.17.1":
  "integrity" "sha512-Bepr2w249vODqeBtM7i++tPmUsQ9B81aupUGbDWmjA/FX+jzQqOdhW8w1CFO5kWViNKTbz2WBIJ9U3x8hOa4bA=="
  "resolved" "https://registry.npmjs.org/@algolia/client-analytics/-/client-analytics-4.17.1.tgz"
  "version" "4.17.1"
  dependencies:
    "@algolia/client-common" "4.17.1"
    "@algolia/client-search" "4.17.1"
    "@algolia/requester-common" "4.17.1"
    "@algolia/transporter" "4.17.1"

"@algolia/client-common@4.17.1":
  "integrity" "sha512-+r7kg4EgbFnGsDnoGSVNtXZO8xvZ0vzf1WAOV7sqV9PMf1bp6cpJP/3IuPrSk4t5w2KVl+pC8jfTM7HcFlfBEQ=="
  "resolved" "https://registry.npmjs.org/@algolia/client-common/-/client-common-4.17.1.tgz"
  "version" "4.17.1"
  dependencies:
    "@algolia/requester-common" "4.17.1"
    "@algolia/transporter" "4.17.1"

"@algolia/client-personalization@4.17.1":
  "integrity" "sha512-gJku9DG/THJpfsSlG/az0a3QIn+VVff9kKh8PG8+7ZfxOHS+C+Y5YSeZVsC+c2cfoKLPo3CuHIiJ/p86erR3bA=="
  "resolved" "https://registry.npmjs.org/@algolia/client-personalization/-/client-personalization-4.17.1.tgz"
  "version" "4.17.1"
  dependencies:
    "@algolia/client-common" "4.17.1"
    "@algolia/requester-common" "4.17.1"
    "@algolia/transporter" "4.17.1"

"@algolia/client-search@4.17.1":
  "integrity" "sha512-Q5YfT5gVkx60PZDQBqp/zH9aUbBdC7HVvxupiHUgnCKqRQsRZjOhLest7AI6FahepuZLBZS62COrO7v+JvKY7w=="
  "resolved" "https://registry.npmjs.org/@algolia/client-search/-/client-search-4.17.1.tgz"
  "version" "4.17.1"
  dependencies:
    "@algolia/client-common" "4.17.1"
    "@algolia/requester-common" "4.17.1"
    "@algolia/transporter" "4.17.1"

"@algolia/events@^4.0.1":
  "integrity" "sha512-FQzvOCgoFXAbf5Y6mYozw2aj5KCJoA3m4heImceldzPSMbdyS4atVjJzXKMsfX3wnZTFYwkkt8/z8UesLHlSBQ=="
  "resolved" "https://registry.npmjs.org/@algolia/events/-/events-4.0.1.tgz"
  "version" "4.0.1"

"@algolia/logger-common@4.17.1":
  "integrity" "sha512-Us28Ot+fLEmX9M96sa65VZ8EyEEzhYPxfhV9aQyKDjfXbUdJlJxKt6wZpoEg9RAPSdO8IjK9nmuW2P8au3rRsg=="
  "resolved" "https://registry.npmjs.org/@algolia/logger-common/-/logger-common-4.17.1.tgz"
  "version" "4.17.1"

"@algolia/logger-console@4.17.1":
  "integrity" "sha512-iKGQTpOjHiE64W3JIOu6dmDvn+AfYIElI9jf/Nt6umRPmP/JI9rK+OHUoW4pKrBtdG0DPd62ppeNXzSnLxY6/g=="
  "resolved" "https://registry.npmjs.org/@algolia/logger-console/-/logger-console-4.17.1.tgz"
  "version" "4.17.1"
  dependencies:
    "@algolia/logger-common" "4.17.1"

"@algolia/requester-browser-xhr@4.17.1":
  "integrity" "sha512-W5mGfGDsyfVR+r4pUFrYLGBEM18gs38+GNt5PE5uPULy4uVTSnnVSkJkWeRkmLBk9zEZ/Nld8m4zavK6dtEuYg=="
  "resolved" "https://registry.npmjs.org/@algolia/requester-browser-xhr/-/requester-browser-xhr-4.17.1.tgz"
  "version" "4.17.1"
  dependencies:
    "@algolia/requester-common" "4.17.1"

"@algolia/requester-common@4.17.1":
  "integrity" "sha512-HggXdjvVFQR0I5l7hM5WdHgQ1tqcRWeyXZz8apQ7zPWZhirmY2E9D6LVhDh/UnWQNEm7nBtM+eMFONJ3bZccIQ=="
  "resolved" "https://registry.npmjs.org/@algolia/requester-common/-/requester-common-4.17.1.tgz"
  "version" "4.17.1"

"@algolia/requester-node-http@4.17.1":
  "integrity" "sha512-NzFWecXT6d0PPsQY9L+/qoK2deF74OLcpvqCH+Vh3mh+QzPsFafcBExdguAjZsAWDn1R6JEeFW7/fo/p0SE57w=="
  "resolved" "https://registry.npmjs.org/@algolia/requester-node-http/-/requester-node-http-4.17.1.tgz"
  "version" "4.17.1"
  dependencies:
    "@algolia/requester-common" "4.17.1"

"@algolia/transporter@4.17.1":
  "integrity" "sha512-ZM+qhX47Vh46mWH8/U9ihvy98HdTYpYQDSlqBD7IbiUbbyoCMke+qmdSX2MGhR2FCcXBSxejsJKKVAfbpaLVgg=="
  "resolved" "https://registry.npmjs.org/@algolia/transporter/-/transporter-4.17.1.tgz"
  "version" "4.17.1"
  dependencies:
    "@algolia/cache-common" "4.17.1"
    "@algolia/logger-common" "4.17.1"
    "@algolia/requester-common" "4.17.1"

"@algolia/ui-components-highlight-vdom@^1.2.1":
  "integrity" "sha512-IlYgIaCUEkz9ezNbwugwKv991oOHhveyq6nzL0F1jDzg1p3q5Yj/vO4KpNG910r2dwGCG3nEm5GtChcLnarhFA=="
  "resolved" "https://registry.npmjs.org/@algolia/ui-components-highlight-vdom/-/ui-components-highlight-vdom-1.2.1.tgz"
  "version" "1.2.1"
  dependencies:
    "@algolia/ui-components-shared" "1.2.1"
    "@babel/runtime" "^7.0.0"

"@algolia/ui-components-shared@^1.2.1", "@algolia/ui-components-shared@1.2.1":
  "integrity" "sha512-a7mYHf/GVQfhAx/HRiMveKkFvHspQv/REdG+C/FIOosiSmNZxX7QebDwJkrGSmDWdXO12D0Qv1xn3AytFcEDlQ=="
  "resolved" "https://registry.npmjs.org/@algolia/ui-components-shared/-/ui-components-shared-1.2.1.tgz"
  "version" "1.2.1"

"@babel/parser@^7.20.15", "@babel/parser@^7.21.3":
  "integrity" "sha512-VLLsx06XkEYqBtE5YGPwfSGwfrjnyPP5oiGty3S8pQLFDFLaS8VwWSIxkTXpcvr5zeYLE6+MBNl2npl/YnfofA=="
  "resolved" "https://registry.npmjs.org/@babel/parser/-/parser-7.22.4.tgz"
  "version" "7.22.4"

"@babel/parser@^7.20.15", "@babel/parser@^7.21.3":
  version "7.22.4"
  resolved "https://registry.npmjs.org/@babel/parser/-/parser-7.22.4.tgz"
  integrity sha512-VLLsx06XkEYqBtE5YGPwfSGwfrjnyPP5oiGty3S8pQLFDFLaS8VwWSIxkTXpcvr5zeYLE6+MBNl2npl/YnfofA==

"@babel/runtime@^7.0.0":
  "integrity" "sha512-XsDuspWKLUsxwCp6r7EhsExHtYfbe5oAGQ19kqngTdCPUoPQzOPdUbD/pB9PJiwb2ptYKQDjSJT3R6dC+EPqfQ=="
  "resolved" "https://registry.npmjs.org/@babel/runtime/-/runtime-7.22.3.tgz"
  "version" "7.22.3"
  dependencies:
    "regenerator-runtime" "^0.13.11"

"@jridgewell/sourcemap-codec@^1.4.13":
  "integrity" "sha512-eF2rxCRulEKXHTRiDrDy6erMYWqNw4LPdQ8UQA4huuxaQsVeRPFl2oM8oDGxMFhJUWZf9McpLtJasDDZb/Bpeg=="
  "resolved" "https://registry.npmjs.org/@jridgewell/sourcemap-codec/-/sourcemap-codec-1.4.15.tgz"
  "version" "1.4.15"

"@jridgewell/sourcemap-codec@^1.4.13":
  version "1.4.15"
  resolved "https://registry.npmjs.org/@jridgewell/sourcemap-codec/-/sourcemap-codec-1.4.15.tgz"
  integrity sha512-eF2rxCRulEKXHTRiDrDy6erMYWqNw4LPdQ8UQA4huuxaQsVeRPFl2oM8oDGxMFhJUWZf9McpLtJasDDZb/Bpeg==

"@types/dom-speech-recognition@^0.0.1":
  "integrity" "sha512-udCxb8DvjcDKfk1WTBzDsxFbLgYxmQGKrE/ricoMqHRNjSlSUCcamVTA5lIQqzY10mY5qCY0QDwBfFEwhfoDPw=="
  "resolved" "https://registry.npmjs.org/@types/dom-speech-recognition/-/dom-speech-recognition-0.0.1.tgz"
  "version" "0.0.1"

"@types/google.maps@^3.45.3":
  "integrity" "sha512-OWsq1TU8r+Df4v/jLFJBqaNzDwFtEhEoImH37uVUSSgxCG5w00Tanw7DRIhKh5+C0A3q7Kv+eww8kM6hgKErYA=="
  "resolved" "https://registry.npmjs.org/@types/google.maps/-/google.maps-3.53.3.tgz"
  "version" "3.53.3"

"@types/hogan.js@^3.0.0":
  "integrity" "sha512-D03i/2OY7kGyMq9wdQ7oD8roE49z/ZCZThe/nbahtvuqCNZY9T2MfedOWyeBdbEpY2W8Gnh/dyJLdFtUCOkYbg=="
  "resolved" "https://registry.npmjs.org/@types/hogan.js/-/hogan.js-3.0.1.tgz"
  "version" "3.0.1"

"@types/qs@^6.5.3":
  "integrity" "sha512-FGa1F62FT09qcrueBA6qYTrJPVDzah9a+493+o2PCXsesWHIn27G98TsSMs3WPNbZIEj4+VJf6saSFpvD+3Zsw=="
  "resolved" "https://registry.npmjs.org/@types/qs/-/qs-6.9.7.tgz"
  "version" "6.9.7"

"@vue/compiler-core@3.3.4":
  "integrity" "sha512-cquyDNvZ6jTbf/+x+AgM2Arrp6G4Dzbb0R64jiG804HRMfRiFXWI6kqUVqZ6ZR0bQhIoQjB4+2bhNtVwndW15g=="
  "resolved" "https://registry.npmjs.org/@vue/compiler-core/-/compiler-core-3.3.4.tgz"
  "version" "3.3.4"
  dependencies:
    "@babel/parser" "^7.21.3"
    "@vue/shared" "3.3.4"
    "estree-walker" "^2.0.2"
    "source-map-js" "^1.0.2"

"@vue/compiler-dom@3.3.4":
  "integrity" "sha512-wyM+OjOVpuUukIq6p5+nwHYtj9cFroz9cwkfmP9O1nzH68BenTTv0u7/ndggT8cIQlnBeOo6sUT/gvHcIkLA5w=="
  "resolved" "https://registry.npmjs.org/@vue/compiler-dom/-/compiler-dom-3.3.4.tgz"
  "version" "3.3.4"
  dependencies:
    "@vue/compiler-core" "3.3.4"
    "@vue/shared" "3.3.4"

"@vue/compiler-sfc@3.3.4":
  "integrity" "sha512-6y/d8uw+5TkCuzBkgLS0v3lSM3hJDntFEiUORM11pQ/hKvkhSKZrXW6i69UyXlJQisJxuUEJKAWEqWbWsLeNKQ=="
  "resolved" "https://registry.npmjs.org/@vue/compiler-sfc/-/compiler-sfc-3.3.4.tgz"
  "version" "3.3.4"
  dependencies:
    "@babel/parser" "^7.20.15"
    "@vue/compiler-core" "3.3.4"
    "@vue/compiler-dom" "3.3.4"
    "@vue/compiler-ssr" "3.3.4"
    "@vue/reactivity-transform" "3.3.4"
    "@vue/shared" "3.3.4"
    "estree-walker" "^2.0.2"
    "magic-string" "^0.30.0"
    "postcss" "^8.1.10"
    "source-map-js" "^1.0.2"

"@vue/compiler-ssr@3.3.4":
  "integrity" "sha512-m0v6oKpup2nMSehwA6Uuu+j+wEwcy7QmwMkVNVfrV9P2qE5KshC6RwOCq8fjGS/Eak/uNb8AaWekfiXxbBB6gQ=="
  "resolved" "https://registry.npmjs.org/@vue/compiler-ssr/-/compiler-ssr-3.3.4.tgz"
  "version" "3.3.4"
  dependencies:
    "@vue/compiler-dom" "3.3.4"
    "@vue/shared" "3.3.4"

"@vue/reactivity-transform@3.3.4":
  "integrity" "sha512-MXgwjako4nu5WFLAjpBnCj/ieqcjE2aJBINUNQzkZQfzIZA4xn+0fV1tIYBJvvva3N3OvKGofRLvQIwEQPpaXw=="
  "resolved" "https://registry.npmjs.org/@vue/reactivity-transform/-/reactivity-transform-3.3.4.tgz"
  "version" "3.3.4"
  dependencies:
    "@babel/parser" "^7.20.15"
    "@vue/compiler-core" "3.3.4"
    "@vue/shared" "3.3.4"
    "estree-walker" "^2.0.2"
    "magic-string" "^0.30.0"

"@vue/reactivity@3.3.4":
  "integrity" "sha512-kLTDLwd0B1jG08NBF3R5rqULtv/f8x3rOFByTDz4J53ttIQEDmALqKqXY0J+XQeN0aV2FBxY8nJDf88yvOPAqQ=="
  "resolved" "https://registry.npmjs.org/@vue/reactivity/-/reactivity-3.3.4.tgz"
  "version" "3.3.4"
  dependencies:
    "@vue/shared" "3.3.4"

"@vue/runtime-core@3.3.4":
  "integrity" "sha512-R+bqxMN6pWO7zGI4OMlmvePOdP2c93GsHFM/siJI7O2nxFRzj55pLwkpCedEY+bTMgp5miZ8CxfIZo3S+gFqvA=="
  "resolved" "https://registry.npmjs.org/@vue/runtime-core/-/runtime-core-3.3.4.tgz"
  "version" "3.3.4"
  dependencies:
    "@vue/reactivity" "3.3.4"
    "@vue/shared" "3.3.4"

"@vue/runtime-dom@3.3.4":
  "integrity" "sha512-Aj5bTJ3u5sFsUckRghsNjVTtxZQ1OyMWCr5dZRAPijF/0Vy4xEoRCwLyHXcj4D0UFbJ4lbx3gPTgg06K/GnPnQ=="
  "resolved" "https://registry.npmjs.org/@vue/runtime-dom/-/runtime-dom-3.3.4.tgz"
  "version" "3.3.4"
  dependencies:
    "@vue/runtime-core" "3.3.4"
    "@vue/shared" "3.3.4"
    "csstype" "^3.1.1"

"@vue/server-renderer@^3.1.2", "@vue/server-renderer@3.3.4":
  "integrity" "sha512-Q6jDDzR23ViIb67v+vM1Dqntu+HUexQcsWKhhQa4ARVzxOY2HbC7QRW/ggkDBd5BU+uM1sV6XOAP0b216o34JQ=="
  "resolved" "https://registry.npmjs.org/@vue/server-renderer/-/server-renderer-3.3.4.tgz"
  "version" "3.3.4"
  dependencies:
    "@vue/compiler-ssr" "3.3.4"
    "@vue/shared" "3.3.4"

"@vue/shared@3.3.4":
  "integrity" "sha512-7OjdcV8vQ74eiz1TZLzZP4JwqM5fA94K6yntPS5Z25r9HDuGNzaGdgvwKYq6S+MxwF0TFRwe50fIR/MYnakdkQ=="
  "resolved" "https://registry.npmjs.org/@vue/shared/-/shared-3.3.4.tgz"
  "version" "3.3.4"

"abbrev@1":
  "integrity" "sha512-nne9/IiQ/hzIhY6pdDnbBtz7DjPTKrY00P/zvPSm5pOFkl6xuGrGnXn/VtTNNfNtAfZ9/1RtehkszU9qcTii0Q=="
  "resolved" "https://registry.npmjs.org/abbrev/-/abbrev-1.1.1.tgz"
  "version" "1.1.1"

"algoliasearch-helper@^3.13.0":
  "integrity" "sha512-kV3c1jMQCvkARtGsSDvAwuht4PAMSsQILqPiH4WFiARoa3jXJ/r1TQoBWAjWyWF48rsNYCv7kzxgB4LTxrvvuw=="
  "resolved" "https://registry.npmjs.org/algoliasearch-helper/-/algoliasearch-helper-3.13.0.tgz"
  "version" "3.13.0"
  dependencies:
    "@algolia/events" "^4.0.1"

"algoliasearch@^4.17.1", "algoliasearch@>= 3.1 < 6", "algoliasearch@>= 3.32.0 < 5":
  "integrity" "sha512-4GDQ1RhP2qUR3x8PevFRbEdqZqIARNViZYjgTJmA1T7wRNtFA3W4Aqc/RsODqa1J8IO/QDla5x4tWuUS8NV8wA=="
  "resolved" "https://registry.npmjs.org/algoliasearch/-/algoliasearch-4.17.1.tgz"
  "version" "4.17.1"
  dependencies:
    "@algolia/cache-browser-local-storage" "4.17.1"
    "@algolia/cache-common" "4.17.1"
    "@algolia/cache-in-memory" "4.17.1"
    "@algolia/client-account" "4.17.1"
    "@algolia/client-analytics" "4.17.1"
    "@algolia/client-common" "4.17.1"
    "@algolia/client-personalization" "4.17.1"
    "@algolia/client-search" "4.17.1"
    "@algolia/logger-common" "4.17.1"
    "@algolia/logger-console" "4.17.1"
    "@algolia/requester-browser-xhr" "4.17.1"
    "@algolia/requester-common" "4.17.1"
    "@algolia/requester-node-http" "4.17.1"
    "@algolia/transporter" "4.17.1"

"axios@^0.25.0":
  "integrity" "sha512-cD8FOb0tRH3uuEe6+evtAbgJtfxr7ly3fQjYcMcuPlgkwVS9xboaVIpcDV+cYQe+yGykgwZCs1pzjntcGa6l5g=="
  "resolved" "https://registry.npmjs.org/axios/-/axios-0.25.0.tgz"
  "version" "0.25.0"
  dependencies:
    "follow-redirects" "^1.14.7"

"buffer-writer@2.0.0":
  "integrity" "sha512-a7ZpuTZU1TRtnwyCNW3I5dc0wWNC3VR9S++Ewyk2HHZdrO3CQJqSpd+95Us590V6AL7JqUAH2IwZ/398PmNFgw=="
  "resolved" "https://registry.npmjs.org/buffer-writer/-/buffer-writer-2.0.0.tgz"
  "version" "2.0.0"

"csstype@^3.1.1":
  "integrity" "sha512-I7K1Uu0MBPzaFKg4nI5Q7Vs2t+3gWWW648spaF+Rg7pI9ds18Ugn+lvg4SHczUdKlHI5LWBXyqfS8+DufyBsgQ=="
  "resolved" "https://registry.npmjs.org/csstype/-/csstype-3.1.2.tgz"
  "version" "3.1.2"

"estree-walker@^2.0.2":
  "integrity" "sha512-Rfkk/Mp/DL7JVje3u18FxFujQlTNR2q6QfMSMB7AvCBx91NGj/ba3kCfza0f6dVDbw7YlRf/nDrn7pQrCCyQ/w=="
  "resolved" "https://registry.npmjs.org/estree-walker/-/estree-walker-2.0.2.tgz"
  "version" "2.0.2"

"follow-redirects@^1.14.7":
  "integrity" "sha512-VQLG33o04KaQ8uYi2tVNbdrWp1QWxNNea+nmIB4EVM28v0hmP17z7aG1+wAkNzVq4KeXTq3221ye5qTJP91JwA=="
  "resolved" "https://registry.npmjs.org/follow-redirects/-/follow-redirects-1.15.2.tgz"
  "version" "1.15.2"

"hogan.js@^3.0.2":
  "integrity" "sha512-RqGs4wavGYJWE07t35JQccByczmNUXQT0E12ZYV1VKYu5UiAU9lsos/yBAcf840+zrUQQxgVduCR5/B8nNtibg=="
  "resolved" "https://registry.npmjs.org/hogan.js/-/hogan.js-3.0.2.tgz"
  "version" "3.0.2"
  dependencies:
    "mkdirp" "0.3.0"
    "nopt" "1.0.10"

"htm@^3.0.0":
  "integrity" "sha512-983Vyg8NwUE7JkZ6NmOqpCZ+sh1bKv2iYTlUkzlWmA5JD2acKoxd4KVxbMmxX/85mtfdnDmTFoNKcg5DGAvxNQ=="
  "resolved" "https://registry.npmjs.org/htm/-/htm-3.1.1.tgz"
  "version" "3.1.1"

"instantsearch.js@4.56.1":
  "integrity" "sha512-4BQdnMEDWP9IRF12xninO/yR1f7F+mE935X0eVKuhUqitZF7GvUsL93MysXxHyPJnrbC6o0Aofc3kNcTKteKWw=="
  "resolved" "https://registry.npmjs.org/instantsearch.js/-/instantsearch.js-4.56.1.tgz"
  "version" "4.56.1"
  dependencies:
    "@algolia/events" "^4.0.1"
    "@algolia/ui-components-highlight-vdom" "^1.2.1"
    "@algolia/ui-components-shared" "^1.2.1"
    "@types/dom-speech-recognition" "^0.0.1"
    "@types/google.maps" "^3.45.3"
    "@types/hogan.js" "^3.0.0"
    "@types/qs" "^6.5.3"
    "algoliasearch-helper" "^3.13.0"
    "hogan.js" "^3.0.2"
    "htm" "^3.0.0"
    "preact" "^10.10.0"
    "qs" "^6.5.1 < 6.10"
    "search-insights" "^2.6.0"

"magic-string@^0.30.0":
  "integrity" "sha512-LA+31JYDJLs82r2ScLrlz1GjSgu66ZV518eyWT+S8VhyQn/JL0u9MeBOvQMGYiPk1DBiSN9DDMOcXvigJZaViQ=="
  "resolved" "https://registry.npmjs.org/magic-string/-/magic-string-0.30.0.tgz"
  "version" "0.30.0"
  dependencies:
    "@jridgewell/sourcemap-codec" "^1.4.13"

"mitt@^2.1.0":
  "integrity" "sha512-ILj2TpLiysu2wkBbWjAmww7TkZb65aiQO+DkVdUTBpBXq+MHYiETENkKFMtsJZX1Lf4pe4QOrTSjIfUwN5lRdg=="
  "resolved" "https://registry.npmjs.org/mitt/-/mitt-2.1.0.tgz"
  "version" "2.1.0"

"mkdirp@0.3.0":
  "integrity" "sha512-OHsdUcVAQ6pOtg5JYWpCBo9W/GySVuwvP9hueRMW7UqshC0tbfzLv8wjySTPm3tfUZ/21CE9E1pJagOA91Pxew=="
  "resolved" "https://registry.npmjs.org/mkdirp/-/mkdirp-0.3.0.tgz"
  "version" "0.3.0"

"nanoid@^3.3.6":
  "integrity" "sha512-BGcqMMJuToF7i1rt+2PWSNVnWIkGCU78jBG3RxO/bZlnZPK2Cmi2QaffxGO/2RvWi9sL+FAiRiXMgsyxQ1DIDA=="
  "resolved" "https://registry.npmjs.org/nanoid/-/nanoid-3.3.6.tgz"
  "version" "3.3.6"

"nopt@1.0.10":
  "integrity" "sha512-NWmpvLSqUrgrAC9HCuxEvb+PSloHpqVu+FqcO4eeF2h5qYRhA7ev6KvelyQAKtegUbC6RypJnlEOhd8vloNKYg=="
  "resolved" "https://registry.npmjs.org/nopt/-/nopt-1.0.10.tgz"
  "version" "1.0.10"
  dependencies:
    "abbrev" "1"

"packet-reader@1.0.0":
  "integrity" "sha512-HAKu/fG3HpHFO0AA8WE8q2g+gBJaZ9MG7fcKk+IJPLTGAD6Psw4443l+9DGRbOIh3/aXr7Phy0TjilYivJo5XQ=="
  "resolved" "https://registry.npmjs.org/packet-reader/-/packet-reader-1.0.0.tgz"
  "version" "1.0.0"

"pg-cloudflare@^1.1.0":
  "integrity" "sha512-tGM8/s6frwuAIyRcJ6nWcIvd3+3NmUKIs6OjviIm1HPPFEt5MzQDOTBQyhPWg/m0kCl95M6gA1JaIXtS8KovOA=="
  "resolved" "https://registry.npmjs.org/pg-cloudflare/-/pg-cloudflare-1.1.0.tgz"
  "version" "1.1.0"

"pg-connection-string@^2.6.0":
  "integrity" "sha512-x14ibktcwlHKoHxx9X3uTVW9zIGR41ZB6QNhHb21OPNdCCO3NaRnpJuwKIQSR4u+Yqjx4HCvy7Hh7VSy1U4dGg=="
  "resolved" "https://registry.npmjs.org/pg-connection-string/-/pg-connection-string-2.6.0.tgz"
  "version" "2.6.0"

"pg-int8@1.0.1":
  "integrity" "sha512-WCtabS6t3c8SkpDBUlb1kjOs7l66xsGdKpIPZsg4wR+B3+u9UAum2odSsF9tnvxg80h4ZxLWMy4pRjOsFIqQpw=="
  "resolved" "https://registry.npmjs.org/pg-int8/-/pg-int8-1.0.1.tgz"
  "version" "1.0.1"

"pg-pool@^3.6.0":
  "integrity" "sha512-clFRf2ksqd+F497kWFyM21tMjeikn60oGDmqMT8UBrynEwVEX/5R5xd2sdvdo1cZCFlguORNpVuqxIj+aK4cfQ=="
  "resolved" "https://registry.npmjs.org/pg-pool/-/pg-pool-3.6.0.tgz"
  "version" "3.6.0"

"pg-protocol@^1.6.0":
  "integrity" "sha512-M+PDm637OY5WM307051+bsDia5Xej6d9IR4GwJse1qA1DIhiKlksvrneZOYQq42OM+spubpcNYEo2FcKQrDk+Q=="
  "resolved" "https://registry.npmjs.org/pg-protocol/-/pg-protocol-1.6.0.tgz"
  "version" "1.6.0"

"pg-types@^2.1.0":
  "integrity" "sha512-qTAAlrEsl8s4OiEQY69wDvcMIdQN6wdz5ojQiOy6YRMuynxenON0O5oCpJI6lshc6scgAY8qvJ2On/p+CXY0GA=="
  "resolved" "https://registry.npmjs.org/pg-types/-/pg-types-2.2.0.tgz"
  "version" "2.2.0"
  dependencies:
    "pg-int8" "1.0.1"
    "postgres-array" "~2.0.0"
    "postgres-bytea" "~1.0.0"
    "postgres-date" "~1.0.4"
    "postgres-interval" "^1.1.0"

"pg@^8.7.1", "pg@>=8.0":
  "integrity" "sha512-meLUVPn2TWgJyLmy7el3fQQVwft4gU5NGyvV0XbD41iU9Jbg8lCH4zexhIkihDzVHJStlt6r088G6/fWeNjhXA=="
  "resolved" "https://registry.npmjs.org/pg/-/pg-8.11.0.tgz"
  "version" "8.11.0"
  dependencies:
    "buffer-writer" "2.0.0"
    "packet-reader" "1.0.0"
    "pg-connection-string" "^2.6.0"
    "pg-pool" "^3.6.0"
    "pg-protocol" "^1.6.0"
    "pg-types" "^2.1.0"
    "pgpass" "1.x"
  optionalDependencies:
    "pg-cloudflare" "^1.1.0"

"pgpass@1.x":
  "integrity" "sha512-FdW9r/jQZhSeohs1Z3sI1yxFQNFvMcnmfuj4WBMUTxOrAyLMaTcE1aAMBiTlbMNaXvBCQuVi0R7hd8udDSP7ug=="
  "resolved" "https://registry.npmjs.org/pgpass/-/pgpass-1.0.5.tgz"
  "version" "1.0.5"
  dependencies:
    "split2" "^4.1.0"

"picocolors@^1.0.0":
  "integrity" "sha512-1fygroTLlHu66zi26VoTDv8yRgm0Fccecssto+MhsZ0D/DGW2sm8E8AjW7NU5VVTRt5GxbeZ5qBuJr+HyLYkjQ=="
  "resolved" "https://registry.npmjs.org/picocolors/-/picocolors-1.0.0.tgz"
  "version" "1.0.0"

"postcss@^8.1.10":
  "integrity" "sha512-M0RzbcI0sO/XJNucsGjvWU9ERWxb/ytp1w6dKtxTKgixdtQDq4rmx/g8W1hnaheq9jgwL/oyEdH5Bc4WwJKMqg=="
  "resolved" "https://registry.npmjs.org/postcss/-/postcss-8.4.24.tgz"
  "version" "8.4.24"
  dependencies:
    "nanoid" "^3.3.6"
    "picocolors" "^1.0.0"
    "source-map-js" "^1.0.2"

"postgres-array@~2.0.0":
  "integrity" "sha512-VpZrUqU5A69eQyW2c5CA1jtLecCsN2U/bD6VilrFDWq5+5UIEVO7nazS3TEcHf1zuPYO/sqGvUvW62g86RXZuA=="
  "resolved" "https://registry.npmjs.org/postgres-array/-/postgres-array-2.0.0.tgz"
  "version" "2.0.0"

"postgres-bytea@~1.0.0":
  "integrity" "sha512-xy3pmLuQqRBZBXDULy7KbaitYqLcmxigw14Q5sj8QBVLqEwXfeybIKVWiqAXTlcvdvb0+xkOtDbfQMOf4lST1w=="
  "resolved" "https://registry.npmjs.org/postgres-bytea/-/postgres-bytea-1.0.0.tgz"
  "version" "1.0.0"

"postgres-date@~1.0.4":
  "integrity" "sha512-suDmjLVQg78nMK2UZ454hAG+OAW+HQPZ6n++TNDUX+L0+uUlLywnoxJKDou51Zm+zTCjrCl0Nq6J9C5hP9vK/Q=="
  "resolved" "https://registry.npmjs.org/postgres-date/-/postgres-date-1.0.7.tgz"
  "version" "1.0.7"

"postgres-interval@^1.1.0":
  "integrity" "sha512-9ZhXKM/rw350N1ovuWHbGxnGh/SNJ4cnxHiM0rxE4VN41wsg8P8zWn9hv/buK00RP4WvlOyr/RBDiptyxVbkZQ=="
  "resolved" "https://registry.npmjs.org/postgres-interval/-/postgres-interval-1.2.0.tgz"
  "version" "1.2.0"
  dependencies:
    "xtend" "^4.0.0"

"postmark@^3.0.18":
  "integrity" "sha512-lCuJs02P8cgibgML3zdQhGBJJ8m6/LtRtdMjztSjBENFn7WTTGKzvdEFPB+q9IgoPiOP3wl5+K80N0ykOEt7xw=="
  "resolved" "https://registry.npmjs.org/postmark/-/postmark-3.0.18.tgz"
  "version" "3.0.18"
  dependencies:
    "axios" "^0.25.0"

"preact@^10.10.0":
  "integrity" "sha512-qs2ansoQEwzNiV5eAcRT1p1EC/dmEzaATVDJNiB3g2sRDWdA7b7MurXdJjB2+/WQktGWZwxvDrnuRFbWuIr64g=="
  "resolved" "https://registry.npmjs.org/preact/-/preact-10.15.1.tgz"
  "version" "10.15.1"

"qs@^6.5.1 < 6.10":
  "integrity" "sha512-IhMFgUmuNpyRfxA90umL7ByLlgRXu6tIfKPpF5TmcfRLlLCckfP/g3IQmju6jjpu+Hh8rA+2p6A27ZSPOOHdKw=="
  "resolved" "https://registry.npmjs.org/qs/-/qs-6.9.7.tgz"
  "version" "6.9.7"

"regenerator-runtime@^0.13.11":
  "integrity" "sha512-kY1AZVr2Ra+t+piVaJ4gxaFaReZVH40AKNo7UCX6W+dEwBo/2oZJzqfuN1qLq1oL45o56cPaTXELwrTh8Fpggg=="
  "resolved" "https://registry.npmjs.org/regenerator-runtime/-/regenerator-runtime-0.13.11.tgz"
  "version" "0.13.11"

"search-insights@^2.6.0":
  "integrity" "sha512-vU2/fJ+h/Mkm/DJOe+EaM5cafJv/1rRTZpGJTuFPf/Q5LjzgMDsqPdSaZsAe+GAWHHsfsu+rQSAn6c8IGtBEVw=="
  "resolved" "https://registry.npmjs.org/search-insights/-/search-insights-2.6.0.tgz"
  "version" "2.6.0"

"source-map-js@^1.0.2":
  "integrity" "sha512-R0XvVJ9WusLiqTCEiGCmICCMplcCkIwwR11mOSD9CR5u+IXYdiseeEuXCVAjS54zqwkLcPNnmU4OeJ6tUrWhDw=="
  "resolved" "https://registry.npmjs.org/source-map-js/-/source-map-js-1.0.2.tgz"
  "version" "1.0.2"

"split2@^4.1.0":
  "integrity" "sha512-UcjcJOWknrNkF6PLX83qcHM6KHgVKNkV62Y8a5uYDVv9ydGQVwAHMKqHdJje1VTWpljG0WYpCDhrCdAOYH4TWg=="
  "resolved" "https://registry.npmjs.org/split2/-/split2-4.2.0.tgz"
  "version" "4.2.0"

"vue-instantsearch@^4.10.1":
  "integrity" "sha512-5SJZ97xKDayEZXyMPbhdktXhYTbp34/yFrrvCv3foE5sFsnHK51CR6BB4uqztELtEvhFQAaHeyoJipyhUGCp4w=="
  "resolved" "https://registry.npmjs.org/vue-instantsearch/-/vue-instantsearch-4.10.1.tgz"
  "version" "4.10.1"
  dependencies:
    "instantsearch.js" "4.56.1"
    "mitt" "^2.1.0"

"vue@^2.6.0 || >=3.0.0-rc.0", "vue@3.3.4":
  "integrity" "sha512-VTyEYn3yvIeY1Py0WaYGZsXnz3y5UnGi62GjVEqvEGPl6nxbOrCXbVOTQWBEJUqAyTUk2uJ5JLVnYJ6ZzGbrSw=="
  "resolved" "https://registry.npmjs.org/vue/-/vue-3.3.4.tgz"
  "version" "3.3.4"
  dependencies:
    "@vue/compiler-dom" "3.3.4"
    "@vue/compiler-sfc" "3.3.4"
    "@vue/runtime-dom" "3.3.4"
    "@vue/server-renderer" "3.3.4"
    "@vue/shared" "3.3.4"

"xtend@^4.0.0":
  "integrity" "sha512-LKYU1iAXJXUgAXn9URjiu+MWhyUXHsvfp7mcuYm9dSUKK0/CjtrUwFAxD82/mCWbtLsGjFIad0wIsod4zrTAEQ=="
  "resolved" "https://registry.npmjs.org/xtend/-/xtend-4.0.2.tgz"
  "version" "4.0.2"
